
Microsoft Visual Studio Solution File, Format Version 12.00
# Visual Studio 15
VisualStudioVersion = 15.0.26730.12
MinimumVisualStudioVersion = 10.0.40219.1
Project("{FAE04EC0-301F-11D3-BF4B-00C04F79EFBC}") = "oef 8.7", "oef 8.7\oef 8.7.csproj", "{7C803837-9840-4869-BB91-B4782F4FDDD8}"
EndProject
Global
	GlobalSection(SolutionConfigurationPlatforms) = preSolution
		Debug|Any CPU = Debug|Any CPU
		Release|Any CPU = Release|Any CPU
	EndGlobalSection
	GlobalSection(ProjectConfigurationPlatforms) = postSolution
		{7C803837-9840-4869-BB91-B4782F4FDDD8}.Debug|Any CPU.ActiveCfg = Debug|Any CPU
		{7C803837-9840-4869-BB91-B4782F4FDDD8}.Debug|Any CPU.Build.0 = Debug|Any CPU
		{7C803837-9840-4869-BB91-B4782F4FDDD8}.Release|Any CPU.ActiveCfg = Release|Any CPU
		{7C803837-9840-4869-BB91-B4782F4FDDD8}.Release|Any CPU.Build.0 = Release|Any CPU
	EndGlobalSection
	GlobalSection(SolutionProperties) = preSolution
		HideSolutionNode = FALSE
	EndGlobalSection
	GlobalSection(ExtensibilityGlobals) = postSolution
		SolutionGuid = {9C4A77EF-15E2-44F4-AD35-30221E081BE6}
	EndGlobalSection
EndGlobal
